
Microsoft Visual Studio Solution File, Format Version 12.00
# Visual Studio Version 16
VisualStudioVersion = 16.0.810.25
MinimumVisualStudioVersion = 10.0.40219.1
Project("{FAE04EC0-301F-11D3-BF4B-00C04F79EFBC}") = "BlazorApp", "BlazorApp\BlazorApp.csproj", "{5973C7D7-EAC3-461C-A1B9-99A41BF3861B}"
EndProject
Global
	GlobalSection(SolutionConfigurationPlatforms) = preSolution
		Debug|Any CPU = Debug|Any CPU
		Release|Any CPU = Release|Any CPU
	EndGlobalSection
	GlobalSection(ProjectConfigurationPlatforms) = postSolution
		{5973C7D7-EAC3-461C-A1B9-99A41BF3861B}.Debug|Any CPU.ActiveCfg = Debug|Any CPU
		{5973C7D7-EAC3-461C-A1B9-99A41BF3861B}.Debug|Any CPU.Build.0 = Debug|Any CPU
		{5973C7D7-EAC3-461C-A1B9-99A41BF3861B}.Release|Any CPU.ActiveCfg = Release|Any CPU
		{5973C7D7-EAC3-461C-A1B9-99A41BF3861B}.Release|Any CPU.Build.0 = Release|Any CPU
	EndGlobalSection
	GlobalSection(SolutionProperties) = preSolution
		HideSolutionNode = FALSE
	EndGlobalSection
	GlobalSection(ExtensibilityGlobals) = postSolution
		SolutionGuid = {3D0741BE-BA34-415A-8E33-71A927A4F3D9}
	EndGlobalSection
EndGlobal
